<?xml version="1.0" encoding="utf-8"?>
<Project ToolsVersion="4.0" xmlns="http://schemas.microsoft.com/developer/msbuild/2003">
  <ItemGroup>
    <Filter Include="Source Files">
      <UniqueIdentifier>{4FC737F1-C7A5-4376-A066-2A32D752A2FF}</UniqueIdentifier>
      <Extensions>cpp;c;cc;cxx;def;odl;idl;hpj;bat;asm;asmx</Extensions>
    </Filter>
    <Filter Include="Header Files">
      <UniqueIdentifier>{93995380-89BD-4b04-88EB-625FBE52EBFB}</UniqueIdentifier>
      <Extensions>h;hh;hpp;hxx;hm;inl;inc;xsd</Extensions>
    </Filter>
    <Filter Include="Resource Files">
      <UniqueIdentifier>{67DA6AB6-F800-4c08-8B7A-83BB121AAD01}</UniqueIdentifier>
      <Extensions>rc;ico;cur;bmp;dlg;rc2;rct;bin;rgs;gif;jpg;jpeg;jpe;resx;tiff;tif;png;wav;mfcribbon-ms</Extensions>
    </Filter>
    <Filter Include="Blender Sources">
      <UniqueIdentifier>{47bcbcf9-e685-4a46-b435-c784a7672cdf}</UniqueIdentifier>
    </Filter>
  </ItemGroup>
  <ItemGroup>
    <ClCompile Include="Sources\ARParam.cpp">
      <Filter>Source Files</Filter>
    </ClCompile>
    <ClCompile Include="Sources\ARTKBlenderModule.cpp">
      <Filter>Source Files</Filter>
    </ClCompile>
    <ClCompile Include="Sources\PyTypeRegistration.cpp">
      <Filter>Source Files</Filter>
    </ClCompile>
    <ClCompile Include="Sources\ARHandle.cpp">
      <Filter>Source Files</Filter>
    </ClCompile>
    <ClCompile Include="Sources\ARPixelFormat.cpp">
      <Filter>Source Files</Filter>
    </ClCompile>
    <ClCompile Include="Sources\AR3DHandle.cpp">
      <Filter>Source Files</Filter>
    </ClCompile>
    <ClCompile Include="Sources\ARPattHandle.cpp">
      <Filter>Source Files</Filter>
    </ClCompile>
    <ClCompile Include="Sources\ARMarkerInfo.cpp">
      <Filter>Source Files</Filter>
    </ClCompile>
    <ClCompile Include="Sources\BlenderUtils.cpp">
      <Filter>Source Files</Filter>
    </ClCompile>
  </ItemGroup>
  <ItemGroup>
    <ClInclude Include="Sources\PyTypeRegistration.h">
      <Filter>Header Files</Filter>
    </ClInclude>
    <ClInclude Include="Sources\PyObjectHelper.h">
      <Filter>Header Files</Filter>
    </ClInclude>
    <ClInclude Include="Sources\ARParam.h">
      <Filter>Header Files</Filter>
    </ClInclude>
    <ClInclude Include="Sources\ARHandle.h">
      <Filter>Header Files</Filter>
    </ClInclude>
    <ClInclude Include="Sources\ARPixelFormat.h">
      <Filter>Header Files</Filter>
    </ClInclude>
    <ClInclude Include="Sources\AR3DHandle.h">
      <Filter>Header Files</Filter>
    </ClInclude>
    <ClInclude Include="Sources\ARPattHandle.h">
      <Filter>Header Files</Filter>
    </ClInclude>
    <ClInclude Include="Sources\ARMarkerInfo.h">
      <Filter>Header Files</Filter>
    </ClInclude>
    <ClInclude Include="Blender\bgl.h">
      <Filter>Blender Sources</Filter>
    </ClInclude>
    <ClInclude Include="Sources\BlenderUtils.h">
      <Filter>Header Files</Filter>
    </ClInclude>
  </ItemGroup>
</Project>