<?xml version="1.0" encoding="utf-8"?>
<Project ToolsVersion="4.0" xmlns="http://schemas.microsoft.com/developer/msbuild/2003">
  <ItemGroup>
    <Filter Include="Source Files">
      <UniqueIdentifier>{4FC737F1-C7A5-4376-A066-2A32D752A2FF}</UniqueIdentifier>
      <Extensions>cpp;c;cc;cxx;def;odl;idl;hpj;bat;asm;asmx</Extensions>
    </Filter>
    <Filter Include="Header Files">
      <UniqueIdentifier>{93995380-89BD-4b04-88EB-625FBE52EBFB}</UniqueIdentifier>
      <Extensions>h;hh;hpp;hxx;hm;inl;inc;xsd</Extensions>
    </Filter>
    <Filter Include="Resource Files">
      <UniqueIdentifier>{67DA6AB6-F800-4c08-8B7A-83BB121AAD01}</UniqueIdentifier>
      <Extensions>rc;ico;cur;bmp;dlg;rc2;rct;bin;rgs;gif;jpg;jpeg;jpe;resx;tiff;tif;png;wav;mfcribbon-ms</Extensions>
    </Filter>
    <Filter Include="Tested Files">
      <UniqueIdentifier>{02122a55-ebc6-418f-8755-860760a59509}</UniqueIdentifier>
    </Filter>
    <Filter Include="Python Test Files">
      <UniqueIdentifier>{1a97af60-0837-437f-b752-7418086f2d47}</UniqueIdentifier>
    </Filter>
    <Filter Include="Data Files">
      <UniqueIdentifier>{48db65a8-a8ef-4acc-9673-51241799ef31}</UniqueIdentifier>
    </Filter>
  </ItemGroup>
  <ItemGroup>
    <ClCompile Include="UnitTests\PyTypeRegistrationTest.cpp">
      <Filter>Source Files</Filter>
    </ClCompile>
    <ClCompile Include="Sources\PyTypeRegistration.cpp">
      <Filter>Tested Files</Filter>
    </ClCompile>
    <ClCompile Include="UnitTests\ARParamTest.cpp">
      <Filter>Source Files</Filter>
    </ClCompile>
    <ClCompile Include="UnitTests\PyTestHelper.cpp">
      <Filter>Source Files</Filter>
    </ClCompile>
    <ClCompile Include="UnitTests\ARHandleTest.cpp">
      <Filter>Source Files</Filter>
    </ClCompile>
    <ClCompile Include="UnitTests\AR3DHandleTest.cpp">
      <Filter>Source Files</Filter>
    </ClCompile>
    <ClCompile Include="UnitTests\ARPattHandleTest.cpp">
      <Filter>Source Files</Filter>
    </ClCompile>
  </ItemGroup>
  <ItemGroup>
    <None Include="UnitTests\Python\ARParamTest.py">
      <Filter>Python Test Files</Filter>
    </None>
    <None Include="UnitTests\Data\camera_para.dat">
      <Filter>Data Files</Filter>
    </None>
    <None Include="UnitTests\Python\ARHandleTest.py">
      <Filter>Python Test Files</Filter>
    </None>
    <None Include="UnitTests\Python\AR3DHandleTest.py">
      <Filter>Python Test Files</Filter>
    </None>
    <None Include="UnitTests\Data\hiro.patt">
      <Filter>Data Files</Filter>
    </None>
    <None Include="UnitTests\Python\ARPattHandleTest.py">
      <Filter>Python Test Files</Filter>
    </None>
  </ItemGroup>
  <ItemGroup>
    <ClInclude Include="UnitTests\PyTestHelper.h">
      <Filter>Header Files</Filter>
    </ClInclude>
  </ItemGroup>
</Project>